
Microsoft Visual Studio Solution File, Format Version 12.00
# Visual Studio Version 17
VisualStudioVersion = 17.4.33205.214
MinimumVisualStudioVersion = 10.0.40219.1
Project("{FAE04EC0-301F-11D3-BF4B-00C04F79EFBC}") = "Hairdresser", "Hairdresser.csproj", "{30ED41B9-B7DE-4C8A-9C21-037F7AEB4A69}"
EndProject
Project("{FAE04EC0-301F-11D3-BF4B-00C04F79EFBC}") = "Barbershop_Tests", "TestProject1\Barbershop_Tests.csproj", "{A6B20409-87A7-42C0-A369-96CEFDFC5F6C}"
EndProject
Global
	GlobalSection(SolutionConfigurationPlatforms) = preSolution
		Debug|Any CPU = Debug|Any CPU
		Release|Any CPU = Release|Any CPU
	EndGlobalSection
	GlobalSection(ProjectConfigurationPlatforms) = postSolution
		{30ED41B9-B7DE-4C8A-9C21-037F7AEB4A69}.Debug|Any CPU.ActiveCfg = Debug|Any CPU
		{30ED41B9-B7DE-4C8A-9C21-037F7AEB4A69}.Debug|Any CPU.Build.0 = Debug|Any CPU
		{30ED41B9-B7DE-4C8A-9C21-037F7AEB4A69}.Release|Any CPU.ActiveCfg = Release|Any CPU
		{30ED41B9-B7DE-4C8A-9C21-037F7AEB4A69}.Release|Any CPU.Build.0 = Release|Any CPU
		{A6B20409-87A7-42C0-A369-96CEFDFC5F6C}.Debug|Any CPU.ActiveCfg = Debug|Any CPU
		{A6B20409-87A7-42C0-A369-96CEFDFC5F6C}.Debug|Any CPU.Build.0 = Debug|Any CPU
		{A6B20409-87A7-42C0-A369-96CEFDFC5F6C}.Release|Any CPU.ActiveCfg = Release|Any CPU
		{A6B20409-87A7-42C0-A369-96CEFDFC5F6C}.Release|Any CPU.Build.0 = Release|Any CPU
	EndGlobalSection
	GlobalSection(SolutionProperties) = preSolution
		HideSolutionNode = FALSE
	EndGlobalSection
	GlobalSection(ExtensibilityGlobals) = postSolution
		SolutionGuid = {30E5917F-4600-457C-B5F2-8FA3B44E595C}
	EndGlobalSection
EndGlobal
